
Microsoft Visual Studio Solution File, Format Version 12.00
# Visual Studio Version 17
VisualStudioVersion = 17.7.34018.315
MinimumVisualStudioVersion = 10.0.40219.1
Project("{9A19103F-16F7-4668-BE54-9A1E7A4F7556}") = "ShopMaar", "ShopMaar\ShopMaar.csproj", "{417893E5-3DB9-46C6-B960-05FFC8D63342}"
EndProject
Project("{9A19103F-16F7-4668-BE54-9A1E7A4F7556}") = "ShopMaar.Data", "ShopMaar.Data\ShopMaar.Data.csproj", "{F6D25226-0BD4-44BF-ACC9-3CAE735EC4CF}"
EndProject
Project("{9A19103F-16F7-4668-BE54-9A1E7A4F7556}") = "ShopMaar.Core", "ShopMaar.Core\ShopMaar.Core.csproj", "{7482E6E8-4CED-44E7-B8F1-263BC36E7F6C}"
EndProject
Project("{9A19103F-16F7-4668-BE54-9A1E7A4F7556}") = "ShopMaar.ApplicationServices", "ShopMaar.ApplicationServices\ShopMaar.ApplicationServices.csproj", "{D4B94798-D2FB-4037-B2FF-C498D8A16F0D}"
EndProject
Project("{FAE04EC0-301F-11D3-BF4B-00C04F79EFBC}") = "ShopMaar.SpaceshipTest", "ShopMaar.SpaceshipTest\ShopMaar.SpaceshipTest.csproj", "{A4C4BECC-A4B7-48D6-B214-4493E00432B2}"
EndProject
Global
	GlobalSection(SolutionConfigurationPlatforms) = preSolution
		Debug|Any CPU = Debug|Any CPU
		Release|Any CPU = Release|Any CPU
	EndGlobalSection
	GlobalSection(ProjectConfigurationPlatforms) = postSolution
		{417893E5-3DB9-46C6-B960-05FFC8D63342}.Debug|Any CPU.ActiveCfg = Debug|Any CPU
		{417893E5-3DB9-46C6-B960-05FFC8D63342}.Debug|Any CPU.Build.0 = Debug|Any CPU
		{417893E5-3DB9-46C6-B960-05FFC8D63342}.Release|Any CPU.ActiveCfg = Release|Any CPU
		{417893E5-3DB9-46C6-B960-05FFC8D63342}.Release|Any CPU.Build.0 = Release|Any CPU
		{F6D25226-0BD4-44BF-ACC9-3CAE735EC4CF}.Debug|Any CPU.ActiveCfg = Debug|Any CPU
		{F6D25226-0BD4-44BF-ACC9-3CAE735EC4CF}.Debug|Any CPU.Build.0 = Debug|Any CPU
		{F6D25226-0BD4-44BF-ACC9-3CAE735EC4CF}.Release|Any CPU.ActiveCfg = Release|Any CPU
		{F6D25226-0BD4-44BF-ACC9-3CAE735EC4CF}.Release|Any CPU.Build.0 = Release|Any CPU
		{7482E6E8-4CED-44E7-B8F1-263BC36E7F6C}.Debug|Any CPU.ActiveCfg = Debug|Any CPU
		{7482E6E8-4CED-44E7-B8F1-263BC36E7F6C}.Debug|Any CPU.Build.0 = Debug|Any CPU
		{7482E6E8-4CED-44E7-B8F1-263BC36E7F6C}.Release|Any CPU.ActiveCfg = Release|Any CPU
		{7482E6E8-4CED-44E7-B8F1-263BC36E7F6C}.Release|Any CPU.Build.0 = Release|Any CPU
		{D4B94798-D2FB-4037-B2FF-C498D8A16F0D}.Debug|Any CPU.ActiveCfg = Debug|Any CPU
		{D4B94798-D2FB-4037-B2FF-C498D8A16F0D}.Debug|Any CPU.Build.0 = Debug|Any CPU
		{D4B94798-D2FB-4037-B2FF-C498D8A16F0D}.Release|Any CPU.ActiveCfg = Release|Any CPU
		{D4B94798-D2FB-4037-B2FF-C498D8A16F0D}.Release|Any CPU.Build.0 = Release|Any CPU
		{A4C4BECC-A4B7-48D6-B214-4493E00432B2}.Debug|Any CPU.ActiveCfg = Debug|Any CPU
		{A4C4BECC-A4B7-48D6-B214-4493E00432B2}.Debug|Any CPU.Build.0 = Debug|Any CPU
		{A4C4BECC-A4B7-48D6-B214-4493E00432B2}.Release|Any CPU.ActiveCfg = Release|Any CPU
		{A4C4BECC-A4B7-48D6-B214-4493E00432B2}.Release|Any CPU.Build.0 = Release|Any CPU
	EndGlobalSection
	GlobalSection(SolutionProperties) = preSolution
		HideSolutionNode = FALSE
	EndGlobalSection
	GlobalSection(ExtensibilityGlobals) = postSolution
		SolutionGuid = {9B18E8DF-D38A-4105-9324-D30128A3CF7B}
	EndGlobalSection
EndGlobal
